
Microsoft Visual Studio Solution File, Format Version 12.00
# Visual Studio Version 17
VisualStudioVersion = 17.13.35919.96 d17.13
MinimumVisualStudioVersion = 10.0.40219.1
Project("{FAE04EC0-301F-11D3-BF4B-00C04F79EFBC}") = "AllinOne", "AllinOne.csproj", "{B7936A5F-663F-49CD-B22B-8BFEE71CD994}"
EndProject
Global
	GlobalSection(SolutionConfigurationPlatforms) = preSolution
		Debug|Any CPU = Debug|Any CPU
		Release|Any CPU = Release|Any CPU
	EndGlobalSection
	GlobalSection(ProjectConfigurationPlatforms) = postSolution
		{B7936A5F-663F-49CD-B22B-8BFEE71CD994}.Debug|Any CPU.ActiveCfg = Debug|Any CPU
		{B7936A5F-663F-49CD-B22B-8BFEE71CD994}.Debug|Any CPU.Build.0 = Debug|Any CPU
		{B7936A5F-663F-49CD-B22B-8BFEE71CD994}.Release|Any CPU.ActiveCfg = Release|Any CPU
		{B7936A5F-663F-49CD-B22B-8BFEE71CD994}.Release|Any CPU.Build.0 = Release|Any CPU
	EndGlobalSection
	GlobalSection(SolutionProperties) = preSolution
		HideSolutionNode = FALSE
	EndGlobalSection
	GlobalSection(ExtensibilityGlobals) = postSolution
		SolutionGuid = {91489F79-FA51-4E89-BAC6-A22A654B0168}
	EndGlobalSection
EndGlobal
